
Microsoft Visual Studio Solution File, Format Version 12.00
# Visual Studio Version 16
VisualStudioVersion = 16.0.30204.135
MinimumVisualStudioVersion = 10.0.40219.1
Project("{9A19103F-16F7-4668-BE54-9A1E7A4F7556}") = "API", "API\API.csproj", "{C9A9C872-6111-4BB2-A9C6-68EFD614CFEA}"
EndProject
Project("{9A19103F-16F7-4668-BE54-9A1E7A4F7556}") = "Services", "Services\Services.csproj", "{943A66A8-52A6-473F-B7AD-28466152EF52}"
EndProject
Project("{9A19103F-16F7-4668-BE54-9A1E7A4F7556}") = "DataAccess", "DataAccess\DataAccess.csproj", "{1974A151-9880-4009-B7BF-7F99642B7B68}"
EndProject
Project("{9A19103F-16F7-4668-BE54-9A1E7A4F7556}") = "Domain", "Domain\Domain.csproj", "{70FE1C6E-6590-49F7-B4DE-25EEE1C38B4E}"
EndProject
Project("{E24C65DC-7377-472B-9ABA-BC803B73C61A}") = "client", "client\", "{1C894E03-3187-4054-9313-386FAA45F770}"
	ProjectSection(WebsiteProperties) = preProject
		TargetFrameworkMoniker = ".NETFramework,Version%3Dv4.0"
		Debug.AspNetCompiler.VirtualPath = "/localhost_30831"
		Debug.AspNetCompiler.PhysicalPath = "client\"
		Debug.AspNetCompiler.TargetPath = "PrecompiledWeb\localhost_30831\"
		Debug.AspNetCompiler.Updateable = "true"
		Debug.AspNetCompiler.ForceOverwrite = "true"
		Debug.AspNetCompiler.FixedNames = "false"
		Debug.AspNetCompiler.Debug = "True"
		Release.AspNetCompiler.VirtualPath = "/localhost_30831"
		Release.AspNetCompiler.PhysicalPath = "client\"
		Release.AspNetCompiler.TargetPath = "PrecompiledWeb\localhost_30831\"
		Release.AspNetCompiler.Updateable = "true"
		Release.AspNetCompiler.ForceOverwrite = "true"
		Release.AspNetCompiler.FixedNames = "false"
		Release.AspNetCompiler.Debug = "False"
		VWDPort = "30831"
		SlnRelativePath = "client\"
	EndProjectSection
EndProject
Global
	GlobalSection(SolutionConfigurationPlatforms) = preSolution
		Debug|Any CPU = Debug|Any CPU
		Release|Any CPU = Release|Any CPU
	EndGlobalSection
	GlobalSection(ProjectConfigurationPlatforms) = postSolution
		{C9A9C872-6111-4BB2-A9C6-68EFD614CFEA}.Debug|Any CPU.ActiveCfg = Debug|Any CPU
		{C9A9C872-6111-4BB2-A9C6-68EFD614CFEA}.Debug|Any CPU.Build.0 = Debug|Any CPU
		{C9A9C872-6111-4BB2-A9C6-68EFD614CFEA}.Release|Any CPU.ActiveCfg = Release|Any CPU
		{C9A9C872-6111-4BB2-A9C6-68EFD614CFEA}.Release|Any CPU.Build.0 = Release|Any CPU
		{943A66A8-52A6-473F-B7AD-28466152EF52}.Debug|Any CPU.ActiveCfg = Debug|Any CPU
		{943A66A8-52A6-473F-B7AD-28466152EF52}.Debug|Any CPU.Build.0 = Debug|Any CPU
		{943A66A8-52A6-473F-B7AD-28466152EF52}.Release|Any CPU.ActiveCfg = Release|Any CPU
		{943A66A8-52A6-473F-B7AD-28466152EF52}.Release|Any CPU.Build.0 = Release|Any CPU
		{1974A151-9880-4009-B7BF-7F99642B7B68}.Debug|Any CPU.ActiveCfg = Debug|Any CPU
		{1974A151-9880-4009-B7BF-7F99642B7B68}.Debug|Any CPU.Build.0 = Debug|Any CPU
		{1974A151-9880-4009-B7BF-7F99642B7B68}.Release|Any CPU.ActiveCfg = Release|Any CPU
		{1974A151-9880-4009-B7BF-7F99642B7B68}.Release|Any CPU.Build.0 = Release|Any CPU
		{70FE1C6E-6590-49F7-B4DE-25EEE1C38B4E}.Debug|Any CPU.ActiveCfg = Debug|Any CPU
		{70FE1C6E-6590-49F7-B4DE-25EEE1C38B4E}.Debug|Any CPU.Build.0 = Debug|Any CPU
		{70FE1C6E-6590-49F7-B4DE-25EEE1C38B4E}.Release|Any CPU.ActiveCfg = Release|Any CPU
		{70FE1C6E-6590-49F7-B4DE-25EEE1C38B4E}.Release|Any CPU.Build.0 = Release|Any CPU
		{1C894E03-3187-4054-9313-386FAA45F770}.Debug|Any CPU.ActiveCfg = Debug|Any CPU
		{1C894E03-3187-4054-9313-386FAA45F770}.Debug|Any CPU.Build.0 = Debug|Any CPU
		{1C894E03-3187-4054-9313-386FAA45F770}.Release|Any CPU.ActiveCfg = Debug|Any CPU
		{1C894E03-3187-4054-9313-386FAA45F770}.Release|Any CPU.Build.0 = Debug|Any CPU
	EndGlobalSection
	GlobalSection(SolutionProperties) = preSolution
		HideSolutionNode = FALSE
	EndGlobalSection
	GlobalSection(ExtensibilityGlobals) = postSolution
		SolutionGuid = {893E4214-4E36-4214-9058-248DED168D2E}
	EndGlobalSection
EndGlobal
